# THIS IS AN AUTOGENERATED FILE. DO NOT EDIT THIS FILE DIRECTLY.
# yarn lockfile v1


jsonfls@^1.2.0:
  version "1.2.0"
  resolved "https://registry.yarnpkg.com/jsonfls/-/jsonfls-1.2.0.tgz#2c5a2b1f89691d6b4342e94b297fb0afd7f89219"
  integrity sha512-Q9ST7BzxqggneR3MMUaD4xvMCOV0UhAyGkGv2/Jo/XG4IdXLyx4SB1jx4GLK09f1WGXI9sLyfj+v2ykL74mq6A==
